
Microsoft Visual Studio Solution File, Format Version 12.00
# Visual Studio Version 17
VisualStudioVersion = 17.11.35222.181
MinimumVisualStudioVersion = 10.0.40219.1
Project("{FAE04EC0-301F-11D3-BF4B-00C04F79EFBC}") = "Papelera-Judy", "Papelera-Judy.csproj", "{30D1B6FA-89E0-42DB-9A83-7CA96173DE7B}"
EndProject
Global
	GlobalSection(SolutionConfigurationPlatforms) = preSolution
		Debug|Any CPU = Debug|Any CPU
		Release|Any CPU = Release|Any CPU
	EndGlobalSection
	GlobalSection(ProjectConfigurationPlatforms) = postSolution
		{30D1B6FA-89E0-42DB-9A83-7CA96173DE7B}.Debug|Any CPU.ActiveCfg = Debug|Any CPU
		{30D1B6FA-89E0-42DB-9A83-7CA96173DE7B}.Debug|Any CPU.Build.0 = Debug|Any CPU
		{30D1B6FA-89E0-42DB-9A83-7CA96173DE7B}.Release|Any CPU.ActiveCfg = Release|Any CPU
		{30D1B6FA-89E0-42DB-9A83-7CA96173DE7B}.Release|Any CPU.Build.0 = Release|Any CPU
	EndGlobalSection
	GlobalSection(SolutionProperties) = preSolution
		HideSolutionNode = FALSE
	EndGlobalSection
	GlobalSection(ExtensibilityGlobals) = postSolution
		SolutionGuid = {6DE20475-1903-469E-8560-6EC013A14FDE}
	EndGlobalSection
EndGlobal
